
Microsoft Visual Studio Solution File, Format Version 12.00
# Visual Studio 15
VisualStudioVersion = 15.0.28307.572
MinimumVisualStudioVersion = 10.0.40219.1
Project("{FAE04EC0-301F-11D3-BF4B-00C04F79EFBC}") = "CapStone_week6", "CapStone_week6\CapStone_week6.csproj", "{F825DD65-3B52-48F7-9AD9-2FD75D804351}"
EndProject
Global
	GlobalSection(SolutionConfigurationPlatforms) = preSolution
		Debug|Any CPU = Debug|Any CPU
		Release|Any CPU = Release|Any CPU
	EndGlobalSection
	GlobalSection(ProjectConfigurationPlatforms) = postSolution
		{F825DD65-3B52-48F7-9AD9-2FD75D804351}.Debug|Any CPU.ActiveCfg = Debug|Any CPU
		{F825DD65-3B52-48F7-9AD9-2FD75D804351}.Debug|Any CPU.Build.0 = Debug|Any CPU
		{F825DD65-3B52-48F7-9AD9-2FD75D804351}.Release|Any CPU.ActiveCfg = Release|Any CPU
		{F825DD65-3B52-48F7-9AD9-2FD75D804351}.Release|Any CPU.Build.0 = Release|Any CPU
	EndGlobalSection
	GlobalSection(SolutionProperties) = preSolution
		HideSolutionNode = FALSE
	EndGlobalSection
	GlobalSection(ExtensibilityGlobals) = postSolution
		SolutionGuid = {459C338B-4FED-497A-8E4E-C52CE73160ED}
	EndGlobalSection
EndGlobal
